{
  "requires": true,
  "lockfileVersion": 1,
  "dependencies": {
    "keycode": {
      "version": "2.2.1",
      "resolved": "https://registry.npmjs.org/keycode/-/keycode-2.2.1.tgz",
      "integrity": "sha512-Rdgz9Hl9Iv4QKi8b0OlCRQEzp4AgVxyCtz5S/+VIHezDmrDhkp2N2TqBWOLz0/gbeREXOOiI9/4b8BY9uw2vFg=="
    },
    "pop": {
      "version": "0.0.33",
      "resolved": "https://registry.npmjs.org/pop/-/pop-0.0.33.tgz",
      "integrity": "sha512-BVZd8afR9KgOjE9zTq6YMW1lAy7B6Aex6nvVP+6RIpxNOAQpYBmoeZVxWRT7PYVQv0FzD3R9O1Pm/OiTammN+g=="
    },
    "uuid": {
      "version": "8.3.2",
      "resolved": "https://registry.npmjs.org/uuid/-/uuid-8.3.2.tgz",
      "integrity": "sha512-+NYs2QeMWy+GWFOEm9xnn6HCDp0l7QBD7ml8zLUmJ+93Q5NF0NocErnwkTkXVFNiX3/fpC6afS8Dhb/gz7R7eg=="
    }
  }
}
